
Microsoft Visual Studio Solution File, Format Version 12.00
# Visual Studio 15
VisualStudioVersion = 15.0.27130.2027
MinimumVisualStudioVersion = 10.0.40219.1
Project("{CC5FD16D-436D-48AD-A40C-5A424C6E3E79}") = "A3", "A3\A3.ccproj", "{FE735444-FAB6-432D-91AA-AF7491ACEEF8}"
EndProject
Project("{FAE04EC0-301F-11D3-BF4B-00C04F79EFBC}") = "WebRole1", "WebRole1\WebRole1.csproj", "{C7D2C4D2-284A-4376-B2C0-01A78DD6B87A}"
EndProject
Project("{FAE04EC0-301F-11D3-BF4B-00C04F79EFBC}") = "WorkerRole1", "WorkerRole1\WorkerRole1.csproj", "{00D0BE03-2F45-4EA0-B23A-9C2539E23EAA}"
EndProject
Project("{FAE04EC0-301F-11D3-BF4B-00C04F79EFBC}") = "WorkerRole2", "WorkerRole2\WorkerRole2.csproj", "{71CCE40C-D9EB-4714-99DB-3ACBD71C42F9}"
EndProject
Global
	GlobalSection(SolutionConfigurationPlatforms) = preSolution
		Debug|Any CPU = Debug|Any CPU
		Release|Any CPU = Release|Any CPU
	EndGlobalSection
	GlobalSection(ProjectConfigurationPlatforms) = postSolution
		{FE735444-FAB6-432D-91AA-AF7491ACEEF8}.Debug|Any CPU.ActiveCfg = Debug|Any CPU
		{FE735444-FAB6-432D-91AA-AF7491ACEEF8}.Debug|Any CPU.Build.0 = Debug|Any CPU
		{FE735444-FAB6-432D-91AA-AF7491ACEEF8}.Release|Any CPU.ActiveCfg = Release|Any CPU
		{FE735444-FAB6-432D-91AA-AF7491ACEEF8}.Release|Any CPU.Build.0 = Release|Any CPU
		{C7D2C4D2-284A-4376-B2C0-01A78DD6B87A}.Debug|Any CPU.ActiveCfg = Debug|Any CPU
		{C7D2C4D2-284A-4376-B2C0-01A78DD6B87A}.Debug|Any CPU.Build.0 = Debug|Any CPU
		{C7D2C4D2-284A-4376-B2C0-01A78DD6B87A}.Release|Any CPU.ActiveCfg = Release|Any CPU
		{C7D2C4D2-284A-4376-B2C0-01A78DD6B87A}.Release|Any CPU.Build.0 = Release|Any CPU
		{00D0BE03-2F45-4EA0-B23A-9C2539E23EAA}.Debug|Any CPU.ActiveCfg = Debug|Any CPU
		{00D0BE03-2F45-4EA0-B23A-9C2539E23EAA}.Debug|Any CPU.Build.0 = Debug|Any CPU
		{00D0BE03-2F45-4EA0-B23A-9C2539E23EAA}.Release|Any CPU.ActiveCfg = Release|Any CPU
		{00D0BE03-2F45-4EA0-B23A-9C2539E23EAA}.Release|Any CPU.Build.0 = Release|Any CPU
		{71CCE40C-D9EB-4714-99DB-3ACBD71C42F9}.Debug|Any CPU.ActiveCfg = Debug|Any CPU
		{71CCE40C-D9EB-4714-99DB-3ACBD71C42F9}.Debug|Any CPU.Build.0 = Debug|Any CPU
		{71CCE40C-D9EB-4714-99DB-3ACBD71C42F9}.Release|Any CPU.ActiveCfg = Release|Any CPU
		{71CCE40C-D9EB-4714-99DB-3ACBD71C42F9}.Release|Any CPU.Build.0 = Release|Any CPU
	EndGlobalSection
	GlobalSection(SolutionProperties) = preSolution
		HideSolutionNode = FALSE
	EndGlobalSection
	GlobalSection(ExtensibilityGlobals) = postSolution
		SolutionGuid = {BF98A131-24AE-4BF1-ADEA-ACF396C26C1B}
	EndGlobalSection
EndGlobal
